// !$*UTF8*$!
{
	archiveVersion = 1;
	classes = {
	};
	objectVersion = 56;
	objects = {

/* Begin PBXBuildFile section */
		845273F02B35C2DE00D61B55 /* AppDelegate.swift in Sources */ = {isa = PBXBuildFile; fileRef = 845273EF2B35C2DE00D61B55 /* AppDelegate.swift */; };
		845273F22B35C2DE00D61B55 /* SceneDelegate.swift in Sources */ = {isa = PBXBuildFile; fileRef = 845273F12B35C2DE00D61B55 /* SceneDelegate.swift */; };
		845273F42B35C2DE00D61B55 /* ViewController.swift in Sources */ = {isa = PBXBuildFile; fileRef = 845273F32B35C2DE00D61B55 /* ViewController.swift */; };
		845273F92B35C2E000D61B55 /* Assets.xcassets in Resources */ = {isa = PBXBuildFile; fileRef = 845273F82B35C2E000D61B55 /* Assets.xcassets */; };
		845273FC2B35C2E000D61B55 /* LaunchScreen.storyboard in Resources */ = {isa = PBXBuildFile; fileRef = 845273FA2B35C2E000D61B55 /* LaunchScreen.storyboard */; };
		845274082B35C3B000D61B55 /* SnapKit in Frameworks */ = {isa = PBXBuildFile; productRef = 845274072B35C3B000D61B55 /* SnapKit */; };
		8452740B2B35C42800D61B55 /* MakerView.swift in Sources */ = {isa = PBXBuildFile; fileRef = 8452740A2B35C42800D61B55 /* MakerView.swift */; };
		8452740D2B35C43100D61B55 /* UIColor.swift in Sources */ = {isa = PBXBuildFile; fileRef = 8452740C2B35C43100D61B55 /* UIColor.swift */; };
		8452740F2B35D05900D61B55 /* SecondVC.swift in Sources */ = {isa = PBXBuildFile; fileRef = 8452740E2B35D05900D61B55 /* SecondVC.swift */; };
		845274122B35D1F300D61B55 /* NotificationTableViewCell.swift in Sources */ = {isa = PBXBuildFile; fileRef = 845274112B35D1F300D61B55 /* NotificationTableViewCell.swift */; };
		845274162B35D25100D61B55 /* NotificationModel.swift in Sources */ = {isa = PBXBuildFile; fileRef = 845274152B35D25100D61B55 /* NotificationModel.swift */; };
/* End PBXBuildFile section */

/* Begin PBXFileReference section */
		845273EC2B35C2DE00D61B55 /* hw4.app */ = {isa = PBXFileReference; explicitFileType = wrapper.application; includeInIndex = 0; path = hw4.app; sourceTree = BUILT_PRODUCTS_DIR; };
		845273EF2B35C2DE00D61B55 /* AppDelegate.swift */ = {isa = PBXFileReference; lastKnownFileType = sourcecode.swift; path = AppDelegate.swift; sourceTree = "<group>"; };
		845273F12B35C2DE00D61B55 /* SceneDelegate.swift */ = {isa = PBXFileReference; lastKnownFileType = sourcecode.swift; path = SceneDelegate.swift; sourceTree = "<group>"; };
		845273F32B35C2DE00D61B55 /* ViewController.swift */ = {isa = PBXFileReference; lastKnownFileType = sourcecode.swift; path = ViewController.swift; sourceTree = "<group>"; };
		845273F82B35C2E000D61B55 /* Assets.xcassets */ = {isa = PBXFileReference; lastKnownFileType = folder.assetcatalog; path = Assets.xcassets; sourceTree = "<group>"; };
		845273FB2B35C2E000D61B55 /* Base */ = {isa = PBXFileReference; lastKnownFileType = file.storyboard; name = Base; path = Base.lproj/LaunchScreen.storyboard; sourceTree = "<group>"; };
		845273FD2B35C2E000D61B55 /* Info.plist */ = {isa = PBXFileReference; lastKnownFileType = text.plist.xml; path = Info.plist; sourceTree = "<group>"; };
		8452740A2B35C42800D61B55 /* MakerView.swift */ = {isa = PBXFileReference; lastKnownFileType = sourcecode.swift; path = MakerView.swift; sourceTree = "<group>"; };
		8452740C2B35C43100D61B55 /* UIColor.swift */ = {isa = PBXFileReference; lastKnownFileType = sourcecode.swift; path = UIColor.swift; sourceTree = "<group>"; };
		8452740E2B35D05900D61B55 /* SecondVC.swift */ = {isa = PBXFileReference; lastKnownFileType = sourcecode.swift; path = SecondVC.swift; sourceTree = "<group>"; };
		845274112B35D1F300D61B55 /* NotificationTableViewCell.swift */ = {isa = PBXFileReference; lastKnownFileType = sourcecode.swift; path = NotificationTableViewCell.swift; sourceTree = "<group>"; };
		845274152B35D25100D61B55 /* NotificationModel.swift */ = {isa = PBXFileReference; lastKnownFileType = sourcecode.swift; path = NotificationModel.swift; sourceTree = "<group>"; };
/* End PBXFileReference section */

/* Begin PBXFrameworksBuildPhase section */
		845273E92B35C2DE00D61B55 /* Frameworks */ = {
			isa = PBXFrameworksBuildPhase;
			buildActionMask = 2147483647;
			files = (
				845274082B35C3B000D61B55 /* SnapKit in Frameworks */,
			);
			runOnlyForDeploymentPostprocessing = 0;
		};
/* End PBXFrameworksBuildPhase section */

/* Begin PBXGroup section */
		845273E32B35C2DE00D61B55 = {
			isa = PBXGroup;
			children = (
				845273EE2B35C2DE00D61B55 /* hw4 */,
				845273ED2B35C2DE00D61B55 /* Products */,
			);
			sourceTree = "<group>";
		};
		845273ED2B35C2DE00D61B55 /* Products */ = {
			isa = PBXGroup;
			children = (
				845273EC2B35C2DE00D61B55 /* hw4.app */,
			);
			name = Products;
			sourceTree = "<group>";
		};
		845273EE2B35C2DE00D61B55 /* hw4 */ = {
			isa = PBXGroup;
			children = (
				845274142B35D23D00D61B55 /* Models */,
				845274092B35C40C00D61B55 /* Helper */,
				845274052B35C36600D61B55 /* Resource */,
				845274042B35C35C00D61B55 /* Controller */,
				845274032B35C35100D61B55 /* Delegate */,
				845273FD2B35C2E000D61B55 /* Info.plist */,
			);
			path = hw4;
			sourceTree = "<group>";
		};
		845274032B35C35100D61B55 /* Delegate */ = {
			isa = PBXGroup;
			children = (
				845273F12B35C2DE00D61B55 /* SceneDelegate.swift */,
				845273EF2B35C2DE00D61B55 /* AppDelegate.swift */,
			);
			path = Delegate;
			sourceTree = "<group>";
		};
		845274042B35C35C00D61B55 /* Controller */ = {
			isa = PBXGroup;
			children = (
				845274132B35D20100D61B55 /* NotificationTableViewCell */,
				845273F32B35C2DE00D61B55 /* ViewController.swift */,
				8452740E2B35D05900D61B55 /* SecondVC.swift */,
			);
			path = Controller;
			sourceTree = "<group>";
		};
		845274052B35C36600D61B55 /* Resource */ = {
			isa = PBXGroup;
			children = (
				845273FA2B35C2E000D61B55 /* LaunchScreen.storyboard */,
				845273F82B35C2E000D61B55 /* Assets.xcassets */,
			);
			path = Resource;
			sourceTree = "<group>";
		};
		845274092B35C40C00D61B55 /* Helper */ = {
			isa = PBXGroup;
			children = (
				8452740A2B35C42800D61B55 /* MakerView.swift */,
				8452740C2B35C43100D61B55 /* UIColor.swift */,
			);
			path = Helper;
			sourceTree = "<group>";
		};
		845274132B35D20100D61B55 /* NotificationTableViewCell */ = {
			isa = PBXGroup;
			children = (
				845274112B35D1F300D61B55 /* NotificationTableViewCell.swift */,
			);
			path = NotificationTableViewCell;
			sourceTree = "<group>";
		};
		845274142B35D23D00D61B55 /* Models */ = {
			isa = PBXGroup;
			children = (
				845274152B35D25100D61B55 /* NotificationModel.swift */,
			);
			path = Models;
			sourceTree = "<group>";
		};
/* End PBXGroup section */

/* Begin PBXNativeTarget section */
		845273EB2B35C2DE00D61B55 /* hw4 */ = {
			isa = PBXNativeTarget;
			buildConfigurationList = 845274002B35C2E000D61B55 /* Build configuration list for PBXNativeTarget "hw4" */;
			buildPhases = (
				845273E82B35C2DE00D61B55 /* Sources */,
				845273E92B35C2DE00D61B55 /* Frameworks */,
				845273EA2B35C2DE00D61B55 /* Resources */,
			);
			buildRules = (
			);
			dependencies = (
			);
			name = hw4;
			packageProductDependencies = (
				845274072B35C3B000D61B55 /* SnapKit */,
			);
			productName = hw4;
			productReference = 845273EC2B35C2DE00D61B55 /* hw4.app */;
			productType = "com.apple.product-type.application";
		};
/* End PBXNativeTarget section */

/* Begin PBXProject section */
		845273E42B35C2DE00D61B55 /* Project object */ = {
			isa = PBXProject;
			attributes = {
				BuildIndependentTargetsInParallel = 1;
				LastSwiftUpdateCheck = 1430;
				LastUpgradeCheck = 1430;
				TargetAttributes = {
					845273EB2B35C2DE00D61B55 = {
						CreatedOnToolsVersion = 14.3.1;
					};
				};
			};
			buildConfigurationList = 845273E72B35C2DE00D61B55 /* Build configuration list for PBXProject "hw4" */;
			compatibilityVersion = "Xcode 14.0";
			developmentRegion = en;
			hasScannedForEncodings = 0;
			knownRegions = (
				en,
				Base,
			);
			mainGroup = 845273E32B35C2DE00D61B55;
			packageReferences = (
				845274062B35C3B000D61B55 /* XCRemoteSwiftPackageReference "SnapKit" */,
			);
			productRefGroup = 845273ED2B35C2DE00D61B55 /* Products */;
			projectDirPath = "";
			projectRoot = "";
			targets = (
				845273EB2B35C2DE00D61B55 /* hw4 */,
			);
		};
/* End PBXProject section */

/* Begin PBXResourcesBuildPhase section */
		845273EA2B35C2DE00D61B55 /* Resources */ = {
			isa = PBXResourcesBuildPhase;
			buildActionMask = 2147483647;
			files = (
				845273FC2B35C2E000D61B55 /* LaunchScreen.storyboard in Resources */,
				845273F92B35C2E000D61B55 /* Assets.xcassets in Resources */,
			);
			runOnlyForDeploymentPostprocessing = 0;
		};
/* End PBXResourcesBuildPhase section */

/* Begin PBXSourcesBuildPhase section */
		845273E82B35C2DE00D61B55 /* Sources */ = {
			isa = PBXSourcesBuildPhase;
			buildActionMask = 2147483647;
			files = (
				845274122B35D1F300D61B55 /* NotificationTableViewCell.swift in Sources */,
				845273F42B35C2DE00D61B55 /* ViewController.swift in Sources */,
				845274162B35D25100D61B55 /* NotificationModel.swift in Sources */,
				8452740B2B35C42800D61B55 /* MakerView.swift in Sources */,
				845273F02B35C2DE00D61B55 /* AppDelegate.swift in Sources */,
				845273F22B35C2DE00D61B55 /* SceneDelegate.swift in Sources */,
				8452740F2B35D05900D61B55 /* SecondVC.swift in Sources */,
				8452740D2B35C43100D61B55 /* UIColor.swift in Sources */,
			);
			runOnlyForDeploymentPostprocessing = 0;
		};
/* End PBXSourcesBuildPhase section */

/* Begin PBXVariantGroup section */
		845273FA2B35C2E000D61B55 /* LaunchScreen.storyboard */ = {
			isa = PBXVariantGroup;
			children = (
				845273FB2B35C2E000D61B55 /* Base */,
			);
			name = LaunchScreen.storyboard;
			sourceTree = "<group>";
		};
/* End PBXVariantGroup section */

/* Begin XCBuildConfiguration section */
		845273FE2B35C2E000D61B55 /* Debug */ = {
			isa = XCBuildConfiguration;
			buildSettings = {
				ALWAYS_SEARCH_USER_PATHS = NO;
				CLANG_ANALYZER_NONNULL = YES;
				CLANG_ANALYZER_NUMBER_OBJECT_CONVERSION = YES_AGGRESSIVE;
				CLANG_CXX_LANGUAGE_STANDARD = "gnu++20";
				CLANG_ENABLE_MODULES = YES;
				CLANG_ENABLE_OBJC_ARC = YES;
				CLANG_ENABLE_OBJC_WEAK = YES;
				CLANG_WARN_BLOCK_CAPTURE_AUTORELEASING = YES;
				CLANG_WARN_BOOL_CONVERSION = YES;
				CLANG_WARN_COMMA = YES;
				CLANG_WARN_CONSTANT_CONVERSION = YES;
				CLANG_WARN_DEPRECATED_OBJC_IMPLEMENTATIONS = YES;
				CLANG_WARN_DIRECT_OBJC_ISA_USAGE = YES_ERROR;
				CLANG_WARN_DOCUMENTATION_COMMENTS = YES;
				CLANG_WARN_EMPTY_BODY = YES;
				CLANG_WARN_ENUM_CONVERSION = YES;
				CLANG_WARN_INFINITE_RECURSION = YES;
				CLANG_WARN_INT_CONVERSION = YES;
				CLANG_WARN_NON_LITERAL_NULL_CONVERSION = YES;
				CLANG_WARN_OBJC_IMPLICIT_RETAIN_SELF = YES;
				CLANG_WARN_OBJC_LITERAL_CONVERSION = YES;
				CLANG_WARN_OBJC_ROOT_CLASS = YES_ERROR;
				CLANG_WARN_QUOTED_INCLUDE_IN_FRAMEWORK_HEADER = YES;
				CLANG_WARN_RANGE_LOOP_ANALYSIS = YES;
				CLANG_WARN_STRICT_PROTOTYPES = YES;
				CLANG_WARN_SUSPICIOUS_MOVE = YES;
				CLANG_WARN_UNGUARDED_AVAILABILITY = YES_AGGRESSIVE;
				CLANG_WARN_UNREACHABLE_CODE = YES;
				CLANG_WARN__DUPLICATE_METHOD_MATCH = YES;
				COPY_PHASE_STRIP = NO;
				DEBUG_INFORMATION_FORMAT = dwarf;
				ENABLE_STRICT_OBJC_MSGSEND = YES;
				ENABLE_TESTABILITY = YES;
				GCC_C_LANGUAGE_STANDARD = gnu11;
				GCC_DYNAMIC_NO_PIC = NO;
				GCC_NO_COMMON_BLOCKS = YES;
				GCC_OPTIMIZATION_LEVEL = 0;
				GCC_PREPROCESSOR_DEFINITIONS = (
					"DEBUG=1",
					"$(inherited)",
				);
				GCC_WARN_64_TO_32_BIT_CONVERSION = YES;
				GCC_WARN_ABOUT_RETURN_TYPE = YES_ERROR;
				GCC_WARN_UNDECLARED_SELECTOR = YES;
				GCC_WARN_UNINITIALIZED_AUTOS = YES_AGGRESSIVE;
				GCC_WARN_UNUSED_FUNCTION = YES;
				GCC_WARN_UNUSED_VARIABLE = YES;
				IPHONEOS_DEPLOYMENT_TARGET = 16.4;
				MTL_ENABLE_DEBUG_INFO = INCLUDE_SOURCE;
				MTL_FAST_MATH = YES;
				ONLY_ACTIVE_ARCH = YES;
				SDKROOT = iphoneos;
				SWIFT_ACTIVE_COMPILATION_CONDITIONS = DEBUG;
				SWIFT_OPTIMIZATION_LEVEL = "-Onone";
			};
			name = Debug;
		};
		845273FF2B35C2E000D61B55 /* Release */ = {
			isa = XCBuildConfiguration;
			buildSettings = {
				ALWAYS_SEARCH_USER_PATHS = NO;
				CLANG_ANALYZER_NONNULL = YES;
				CLANG_ANALYZER_NUMBER_OBJECT_CONVERSION = YES_AGGRESSIVE;
				CLANG_CXX_LANGUAGE_STANDARD = "gnu++20";
				CLANG_ENABLE_MODULES = YES;
				CLANG_ENABLE_OBJC_ARC = YES;
				CLANG_ENABLE_OBJC_WEAK = YES;
				CLANG_WARN_BLOCK_CAPTURE_AUTORELEASING = YES;
				CLANG_WARN_BOOL_CONVERSION = YES;
				CLANG_WARN_COMMA = YES;
				CLANG_WARN_CONSTANT_CONVERSION = YES;
				CLANG_WARN_DEPRECATED_OBJC_IMPLEMENTATIONS = YES;
				CLANG_WARN_DIRECT_OBJC_ISA_USAGE = YES_ERROR;
				CLANG_WARN_DOCUMENTATION_COMMENTS = YES;
				CLANG_WARN_EMPTY_BODY = YES;
				CLANG_WARN_ENUM_CONVERSION = YES;
				CLANG_WARN_INFINITE_RECURSION = YES;
				CLANG_WARN_INT_CONVERSION = YES;
				CLANG_WARN_NON_LITERAL_NULL_CONVERSION = YES;
				CLANG_WARN_OBJC_IMPLICIT_RETAIN_SELF = YES;
				CLANG_WARN_OBJC_LITERAL_CONVERSION = YES;
				CLANG_WARN_OBJC_ROOT_CLASS = YES_ERROR;
				CLANG_WARN_QUOTED_INCLUDE_IN_FRAMEWORK_HEADER = YES;
				CLANG_WARN_RANGE_LOOP_ANALYSIS = YES;
				CLANG_WARN_STRICT_PROTOTYPES = YES;
				CLANG_WARN_SUSPICIOUS_MOVE = YES;
				CLANG_WARN_UNGUARDED_AVAILABILITY = YES_AGGRESSIVE;
				CLANG_WARN_UNREACHABLE_CODE = YES;
				CLANG_WARN__DUPLICATE_METHOD_MATCH = YES;
				COPY_PHASE_STRIP = NO;
				DEBUG_INFORMATION_FORMAT = "dwarf-with-dsym";
				ENABLE_NS_ASSERTIONS = NO;
				ENABLE_STRICT_OBJC_MSGSEND = YES;
				GCC_C_LANGUAGE_STANDARD = gnu11;
				GCC_NO_COMMON_BLOCKS = YES;
				GCC_WARN_64_TO_32_BIT_CONVERSION = YES;
				GCC_WARN_ABOUT_RETURN_TYPE = YES_ERROR;
				GCC_WARN_UNDECLARED_SELECTOR = YES;
				GCC_WARN_UNINITIALIZED_AUTOS = YES_AGGRESSIVE;
				GCC_WARN_UNUSED_FUNCTION = YES;
				GCC_WARN_UNUSED_VARIABLE = YES;
				IPHONEOS_DEPLOYMENT_TARGET = 16.4;
				MTL_ENABLE_DEBUG_INFO = NO;
				MTL_FAST_MATH = YES;
				SDKROOT = iphoneos;
				SWIFT_COMPILATION_MODE = wholemodule;
				SWIFT_OPTIMIZATION_LEVEL = "-O";
				VALIDATE_PRODUCT = YES;
			};
			name = Release;
		};
		845274012B35C2E000D61B55 /* Debug */ = {
			isa = XCBuildConfiguration;
			buildSettings = {
				ASSETCATALOG_COMPILER_APPICON_NAME = AppIcon;
				ASSETCATALOG_COMPILER_GLOBAL_ACCENT_COLOR_NAME = AccentColor;
				CODE_SIGN_STYLE = Automatic;
				CURRENT_PROJECT_VERSION = 1;
				GENERATE_INFOPLIST_FILE = YES;
				INFOPLIST_FILE = hw4/Info.plist;
				INFOPLIST_KEY_UIApplicationSupportsIndirectInputEvents = YES;
				INFOPLIST_KEY_UILaunchStoryboardName = LaunchScreen;
				INFOPLIST_KEY_UISupportedInterfaceOrientations_iPad = "UIInterfaceOrientationPortrait UIInterfaceOrientationPortraitUpsideDown UIInterfaceOrientationLandscapeLeft UIInterfaceOrientationLandscapeRight";
				INFOPLIST_KEY_UISupportedInterfaceOrientations_iPhone = "UIInterfaceOrientationPortrait UIInterfaceOrientationLandscapeLeft UIInterfaceOrientationLandscapeRight";
				LD_RUNPATH_SEARCH_PATHS = (
					"$(inherited)",
					"@executable_path/Frameworks",
				);
				MARKETING_VERSION = 1.0;
				PRODUCT_BUNDLE_IDENTIFIER = "-2-1.hw4";
				PRODUCT_NAME = "$(TARGET_NAME)";
				SWIFT_EMIT_LOC_STRINGS = YES;
				SWIFT_VERSION = 5.0;
				TARGETED_DEVICE_FAMILY = "1,2";
			};
			name = Debug;
		};
		845274022B35C2E000D61B55 /* Release */ = {
			isa = XCBuildConfiguration;
			buildSettings = {
				ASSETCATALOG_COMPILER_APPICON_NAME = AppIcon;
				ASSETCATALOG_COMPILER_GLOBAL_ACCENT_COLOR_NAME = AccentColor;
				CODE_SIGN_STYLE = Automatic;
				CURRENT_PROJECT_VERSION = 1;
				GENERATE_INFOPLIST_FILE = YES;
				INFOPLIST_FILE = hw4/Info.plist;
				INFOPLIST_KEY_UIApplicationSupportsIndirectInputEvents = YES;
				INFOPLIST_KEY_UILaunchStoryboardName = LaunchScreen;
				INFOPLIST_KEY_UISupportedInterfaceOrientations_iPad = "UIInterfaceOrientationPortrait UIInterfaceOrientationPortraitUpsideDown UIInterfaceOrientationLandscapeLeft UIInterfaceOrientationLandscapeRight";
				INFOPLIST_KEY_UISupportedInterfaceOrientations_iPhone = "UIInterfaceOrientationPortrait UIInterfaceOrientationLandscapeLeft UIInterfaceOrientationLandscapeRight";
				LD_RUNPATH_SEARCH_PATHS = (
					"$(inherited)",
					"@executable_path/Frameworks",
				);
				MARKETING_VERSION = 1.0;
				PRODUCT_BUNDLE_IDENTIFIER = "-2-1.hw4";
				PRODUCT_NAME = "$(TARGET_NAME)";
				SWIFT_EMIT_LOC_STRINGS = YES;
				SWIFT_VERSION = 5.0;
				TARGETED_DEVICE_FAMILY = "1,2";
			};
			name = Release;
		};
/* End XCBuildConfiguration section */

/* Begin XCConfigurationList section */
		845273E72B35C2DE00D61B55 /* Build configuration list for PBXProject "hw4" */ = {
			isa = XCConfigurationList;
			buildConfigurations = (
				845273FE2B35C2E000D61B55 /* Debug */,
				845273FF2B35C2E000D61B55 /* Release */,
			);
			defaultConfigurationIsVisible = 0;
			defaultConfigurationName = Release;
		};
		845274002B35C2E000D61B55 /* Build configuration list for PBXNativeTarget "hw4" */ = {
			isa = XCConfigurationList;
			buildConfigurations = (
				845274012B35C2E000D61B55 /* Debug */,
				845274022B35C2E000D61B55 /* Release */,
			);
			defaultConfigurationIsVisible = 0;
			defaultConfigurationName = Release;
		};
/* End XCConfigurationList section */

/* Begin XCRemoteSwiftPackageReference section */
		845274062B35C3B000D61B55 /* XCRemoteSwiftPackageReference "SnapKit" */ = {
			isa = XCRemoteSwiftPackageReference;
			repositoryURL = "https://github.com/SnapKit/SnapKit.git";
			requirement = {
				kind = upToNextMajorVersion;
				minimumVersion = 5.0.0;
			};
		};
/* End XCRemoteSwiftPackageReference section */

/* Begin XCSwiftPackageProductDependency section */
		845274072B35C3B000D61B55 /* SnapKit */ = {
			isa = XCSwiftPackageProductDependency;
			package = 845274062B35C3B000D61B55 /* XCRemoteSwiftPackageReference "SnapKit" */;
			productName = SnapKit;
		};
/* End XCSwiftPackageProductDependency section */
	};
	rootObject = 845273E42B35C2DE00D61B55 /* Project object */;
}
